
Microsoft Visual Studio Solution File, Format Version 12.00
# Visual Studio Version 16
VisualStudioVersion = 16.0.31205.134
MinimumVisualStudioVersion = 10.0.40219.1
Project("{9A19103F-16F7-4668-BE54-9A1E7A4F7556}") = "BucketApp", "BucketApp\BucketApp.csproj", "{5DB771A2-583E-4D81-BDA5-081C152D0584}"
EndProject
Project("{FAE04EC0-301F-11D3-BF4B-00C04F79EFBC}") = "BucketApp.xUnitTesting", "BucketApp.xUnitTesting\BucketApp.xUnitTesting.csproj", "{209A70AD-9932-4AE8-97A4-5556F8582978}"
EndProject
Global
	GlobalSection(SolutionConfigurationPlatforms) = preSolution
		Debug|Any CPU = Debug|Any CPU
		Release|Any CPU = Release|Any CPU
	EndGlobalSection
	GlobalSection(ProjectConfigurationPlatforms) = postSolution
		{5DB771A2-583E-4D81-BDA5-081C152D0584}.Debug|Any CPU.ActiveCfg = Debug|Any CPU
		{5DB771A2-583E-4D81-BDA5-081C152D0584}.Debug|Any CPU.Build.0 = Debug|Any CPU
		{5DB771A2-583E-4D81-BDA5-081C152D0584}.Release|Any CPU.ActiveCfg = Release|Any CPU
		{5DB771A2-583E-4D81-BDA5-081C152D0584}.Release|Any CPU.Build.0 = Release|Any CPU
		{209A70AD-9932-4AE8-97A4-5556F8582978}.Debug|Any CPU.ActiveCfg = Debug|Any CPU
		{209A70AD-9932-4AE8-97A4-5556F8582978}.Debug|Any CPU.Build.0 = Debug|Any CPU
		{209A70AD-9932-4AE8-97A4-5556F8582978}.Release|Any CPU.ActiveCfg = Release|Any CPU
		{209A70AD-9932-4AE8-97A4-5556F8582978}.Release|Any CPU.Build.0 = Release|Any CPU
	EndGlobalSection
	GlobalSection(SolutionProperties) = preSolution
		HideSolutionNode = FALSE
	EndGlobalSection
	GlobalSection(ExtensibilityGlobals) = postSolution
		SolutionGuid = {1BDCB890-4F7F-433C-90F0-2AAE10DF0799}
	EndGlobalSection
EndGlobal
